
Microsoft Visual Studio Solution File, Format Version 12.00
# Visual Studio Version 16
VisualStudioVersion = 16.0.29709.97
MinimumVisualStudioVersion = 10.0.40219.1
Project("{FAE04EC0-301F-11D3-BF4B-00C04F79EFBC}") = "Content.Pipeline.Template.AzureFunction", "Content.Pipeline.Template.AzureFunction\Content.Pipeline.Template.AzureFunction.csproj", "{B9E105F0-0731-4EB8-A030-A1681A4FCE17}"
EndProject
Global
	GlobalSection(SolutionConfigurationPlatforms) = preSolution
		Debug|Any CPU = Debug|Any CPU
		Release|Any CPU = Release|Any CPU
	EndGlobalSection
	GlobalSection(ProjectConfigurationPlatforms) = postSolution
		{B9E105F0-0731-4EB8-A030-A1681A4FCE17}.Debug|Any CPU.ActiveCfg = Debug|Any CPU
		{B9E105F0-0731-4EB8-A030-A1681A4FCE17}.Debug|Any CPU.Build.0 = Debug|Any CPU
		{B9E105F0-0731-4EB8-A030-A1681A4FCE17}.Release|Any CPU.ActiveCfg = Release|Any CPU
		{B9E105F0-0731-4EB8-A030-A1681A4FCE17}.Release|Any CPU.Build.0 = Release|Any CPU
	EndGlobalSection
	GlobalSection(SolutionProperties) = preSolution
		HideSolutionNode = FALSE
	EndGlobalSection
	GlobalSection(ExtensibilityGlobals) = postSolution
		SolutionGuid = {91C16991-FC3F-482F-9F8F-45468DFBE700}
	EndGlobalSection
EndGlobal
